
Microsoft Visual Studio Solution File, Format Version 12.00
# Visual Studio Version 16
VisualStudioVersion = 16.0.32407.337
MinimumVisualStudioVersion = 10.0.40219.1
Project("{FAE04EC0-301F-11D3-BF4B-00C04F79EFBC}") = "raup_lv6-2", "raup_lv6-2\raup_lv6-2.csproj", "{04E52589-A1EA-4BBC-AB87-E5CB4B668CDB}"
EndProject
Global
	GlobalSection(SolutionConfigurationPlatforms) = preSolution
		Debug|Any CPU = Debug|Any CPU
		Release|Any CPU = Release|Any CPU
	EndGlobalSection
	GlobalSection(ProjectConfigurationPlatforms) = postSolution
		{04E52589-A1EA-4BBC-AB87-E5CB4B668CDB}.Debug|Any CPU.ActiveCfg = Debug|Any CPU
		{04E52589-A1EA-4BBC-AB87-E5CB4B668CDB}.Debug|Any CPU.Build.0 = Debug|Any CPU
		{04E52589-A1EA-4BBC-AB87-E5CB4B668CDB}.Release|Any CPU.ActiveCfg = Release|Any CPU
		{04E52589-A1EA-4BBC-AB87-E5CB4B668CDB}.Release|Any CPU.Build.0 = Release|Any CPU
	EndGlobalSection
	GlobalSection(SolutionProperties) = preSolution
		HideSolutionNode = FALSE
	EndGlobalSection
	GlobalSection(ExtensibilityGlobals) = postSolution
		SolutionGuid = {7306A756-3BA1-492E-892A-2B791CD6B25A}
	EndGlobalSection
EndGlobal
